
Microsoft Visual Studio Solution File, Format Version 12.00
# Visual Studio 14
VisualStudioVersion = 14.0.23107.0
MinimumVisualStudioVersion = 10.0.40219.1
Project("{FAE04EC0-301F-11D3-BF4B-00C04F79EFBC}") = "Connecty", "Connecty\Connecty.csproj", "{F275CF2A-04FB-4C70-9B81-932EE45ABC88}"
EndProject
Project("{FAE04EC0-301F-11D3-BF4B-00C04F79EFBC}") = "UIControls", "UIControls\UIControls.csproj", "{7284CA41-7F1C-4956-912E-DCCF8606CD56}"
EndProject
Global
	GlobalSection(SolutionConfigurationPlatforms) = preSolution
		Debug|Any CPU = Debug|Any CPU
		Release|Any CPU = Release|Any CPU
	EndGlobalSection
	GlobalSection(ProjectConfigurationPlatforms) = postSolution
		{F275CF2A-04FB-4C70-9B81-932EE45ABC88}.Debug|Any CPU.ActiveCfg = Debug|Any CPU
		{F275CF2A-04FB-4C70-9B81-932EE45ABC88}.Debug|Any CPU.Build.0 = Debug|Any CPU
		{F275CF2A-04FB-4C70-9B81-932EE45ABC88}.Release|Any CPU.ActiveCfg = Release|Any CPU
		{F275CF2A-04FB-4C70-9B81-932EE45ABC88}.Release|Any CPU.Build.0 = Release|Any CPU
		{7284CA41-7F1C-4956-912E-DCCF8606CD56}.Debug|Any CPU.ActiveCfg = Debug|Any CPU
		{7284CA41-7F1C-4956-912E-DCCF8606CD56}.Debug|Any CPU.Build.0 = Debug|Any CPU
		{7284CA41-7F1C-4956-912E-DCCF8606CD56}.Release|Any CPU.ActiveCfg = Release|Any CPU
		{7284CA41-7F1C-4956-912E-DCCF8606CD56}.Release|Any CPU.Build.0 = Release|Any CPU
	EndGlobalSection
	GlobalSection(SolutionProperties) = preSolution
		HideSolutionNode = FALSE
	EndGlobalSection
EndGlobal
